// !$*UTF8*$!
{
	archiveVersion = 1;
	classes = {
	};
	objectVersion = 77;
	objects = {

/* Begin PBXBuildFile section */
		0F8AEA723A49AE691BF2462D /* V2TaskTimeView.swift in Sources */ = {isa = PBXBuildFile; fileRef = F34993961036C6FC5F9841CF /* V2TaskTimeView.swift */; };
		15314799A436E36CED8BA418 /* V2ZenView.swift in Sources */ = {isa = PBXBuildFile; fileRef = BD88E1F61150B984C4116B93 /* V2ZenView.swift */; };
		164D95835F31953D38B254C3 /* V2RecallHandwritingView.swift in Sources */ = {isa = PBXBuildFile; fileRef = 1ABB12FA7E2B4F6253F4AE7B /* V2RecallHandwritingView.swift */; };
		17393D3F28C32C8A687FA8E0 /* ToughTrialLiveActivityBundle.swift in Sources */ = {isa = PBXBuildFile; fileRef = B2144CC9616E0B0324CD17DC /* ToughTrialLiveActivityBundle.swift */; };
		198F981B5A5256A0871E6DFA /* V2AIProviderSettings.swift in Sources */ = {isa = PBXBuildFile; fileRef = 3CB9AF9642D83F94E0A4A986 /* V2AIProviderSettings.swift */; };
		27CB67F1C93967A6AA8F9DAE /* V2PlanAgentView.swift in Sources */ = {isa = PBXBuildFile; fileRef = AABA6A1FFF10B01D2E53A839 /* V2PlanAgentView.swift */; };
		33EB924760B7EE7B76AB392B /* V2Theme.swift in Sources */ = {isa = PBXBuildFile; fileRef = CC098F64104F891A638C7642 /* V2Theme.swift */; };
		3B1C0341B571FCB4D961D720 /* ToughTrialV2App.swift in Sources */ = {isa = PBXBuildFile; fileRef = 232C6C7CC9BEE3D729AAA003 /* ToughTrialV2App.swift */; };
		423B9B67B5E785576CF2B5E6 /* V2AIProviderSettingsView.swift in Sources */ = {isa = PBXBuildFile; fileRef = 88C469D85051DB6E544030F2 /* V2AIProviderSettingsView.swift */; };
		45C2E85D52E84C47102BA576 /* V2RecallView.swift in Sources */ = {isa = PBXBuildFile; fileRef = 0017D24F92D72A81C33D4620 /* V2RecallView.swift */; };
		49D0F8AC73D24FB3D86FAF69 /* FirstLaunchUITests.swift in Sources */ = {isa = PBXBuildFile; fileRef = 89B8FD2451C30CF5BE3F1F7B /* FirstLaunchUITests.swift */; };
		653B167A9A5FD4BFECF96609 /* V2RootView.swift in Sources */ = {isa = PBXBuildFile; fileRef = 95F8A39501533A9884AFF851 /* V2RootView.swift */; };
		78F0CCDC7595B0A88FF2488C /* PrivacyInfo.xcprivacy in Resources */ = {isa = PBXBuildFile; fileRef = CD8A7E285B1F9AA0212D3E3B /* PrivacyInfo.xcprivacy */; };
		A73A1FCC3E5FAACF61EB1731 /* V2AppStore.swift in Sources */ = {isa = PBXBuildFile; fileRef = 89126F3A1AF89FAE9F43D45C /* V2AppStore.swift */; };
		AD0B4FDF8DE3ECD10F5D93DF /* V2TasksView.swift in Sources */ = {isa = PBXBuildFile; fileRef = A69542D08D6797F0653E8B04 /* V2TasksView.swift */; };
		BE9A17036297FFEBCDFC74BB /* Assets.xcassets in Resources */ = {isa = PBXBuildFile; fileRef = 1D2CB9D90C7487C743A03624 /* Assets.xcassets */; };
		CE3874C2F91A95260D113F3D /* V2Components.swift in Sources */ = {isa = PBXBuildFile; fileRef = 0E6A85B953D563AC1A9C0C64 /* V2Components.swift */; };
		D202F730EB92A0E3591F77FC /* V2TodayView.swift in Sources */ = {isa = PBXBuildFile; fileRef = 15AA1100342D40ED57AFDEF9 /* V2TodayView.swift */; };
		D5F5CFDAEC2ABC34BF7D2E07 /* ToughTrialActivityShared in Frameworks */ = {isa = PBXBuildFile; productRef = 988D14C26791AC990C54E487 /* ToughTrialActivityShared */; };
		D9044005C87C18D19764F6C7 /* ToughTrialV2Core in Frameworks */ = {isa = PBXBuildFile; productRef = B5196C57F42DD6E4C3482069 /* ToughTrialV2Core */; };
		E043BB2E1E56083259AEDC3A /* ToughTrialActivityShared in Frameworks */ = {isa = PBXBuildFile; productRef = 89780843DBE4DF72FEB6727D /* ToughTrialActivityShared */; };
		E720CC255227F8ACBEC16770 /* V2NativeServices.swift in Sources */ = {isa = PBXBuildFile; fileRef = 048EE79F154041A62113CF6E /* V2NativeServices.swift */; };
		F14E6BAEFB8313115FE69E42 /* ToughTrialLiveActivity.appex in Embed Foundation Extensions */ = {isa = PBXBuildFile; fileRef = BB8FAFC251EB4C14EEDD432B /* ToughTrialLiveActivity.appex */; settings = {ATTRIBUTES = (RemoveHeadersOnCopy, ); }; };
		FF16F0CF51AE59D0B795D212 /* ToughTrialUITests.swift in Sources */ = {isa = PBXBuildFile; fileRef = B3372486EAE51C32394E6A3E /* ToughTrialUITests.swift */; };
/* End PBXBuildFile section */

/* Begin PBXContainerItemProxy section */
		092FB444587FDD48F1151EBD /* PBXContainerItemProxy */ = {
			isa = PBXContainerItemProxy;
			containerPortal = AD9935788F92653B98D575F3 /* Project object */;
			proxyType = 1;
			remoteGlobalIDString = 28241F5A3E85D205BF6E900E;
			remoteInfo = ToughTrial;
		};
		8CEC67268C3B8540DB946ADE /* PBXContainerItemProxy */ = {
			isa = PBXContainerItemProxy;
			containerPortal = AD9935788F92653B98D575F3 /* Project object */;
			proxyType = 1;
			remoteGlobalIDString = FB92F2C158ADF42A195BCB32;
			remoteInfo = ToughTrialLiveActivity;
		};
/* End PBXContainerItemProxy section */

/* Begin PBXCopyFilesBuildPhase section */
		D9B65A5AE43921F8B97BDE1B /* Embed Foundation Extensions */ = {
			isa = PBXCopyFilesBuildPhase;
			buildActionMask = 2147483647;
			dstPath = "";
			dstSubfolderSpec = 13;
			files = (
				F14E6BAEFB8313115FE69E42 /* ToughTrialLiveActivity.appex in Embed Foundation Extensions */,
			);
			name = "Embed Foundation Extensions";
			runOnlyForDeploymentPostprocessing = 0;
		};
/* End PBXCopyFilesBuildPhase section */

/* Begin PBXFileReference section */
		0017D24F92D72A81C33D4620 /* V2RecallView.swift */ = {isa = PBXFileReference; lastKnownFileType = sourcecode.swift; path = V2RecallView.swift; sourceTree = "<group>"; };
		048EE79F154041A62113CF6E /* V2NativeServices.swift */ = {isa = PBXFileReference; lastKnownFileType = sourcecode.swift; path = V2NativeServices.swift; sourceTree = "<group>"; };
		0E6A85B953D563AC1A9C0C64 /* V2Components.swift */ = {isa = PBXFileReference; lastKnownFileType = sourcecode.swift; path = V2Components.swift; sourceTree = "<group>"; };
		15AA1100342D40ED57AFDEF9 /* V2TodayView.swift */ = {isa = PBXFileReference; lastKnownFileType = sourcecode.swift; path = V2TodayView.swift; sourceTree = "<group>"; };
		1ABB12FA7E2B4F6253F4AE7B /* V2RecallHandwritingView.swift */ = {isa = PBXFileReference; lastKnownFileType = sourcecode.swift; path = V2RecallHandwritingView.swift; sourceTree = "<group>"; };
		1D2CB9D90C7487C743A03624 /* Assets.xcassets */ = {isa = PBXFileReference; lastKnownFileType = folder.assetcatalog; path = Assets.xcassets; sourceTree = "<group>"; };
		232C6C7CC9BEE3D729AAA003 /* ToughTrialV2App.swift */ = {isa = PBXFileReference; lastKnownFileType = sourcecode.swift; path = ToughTrialV2App.swift; sourceTree = "<group>"; };
		3CB9AF9642D83F94E0A4A986 /* V2AIProviderSettings.swift */ = {isa = PBXFileReference; lastKnownFileType = sourcecode.swift; path = V2AIProviderSettings.swift; sourceTree = "<group>"; };
		400CA85D2F585BEF46001134 /* ToughTrial.app */ = {isa = PBXFileReference; includeInIndex = 0; lastKnownFileType = wrapper.application; path = ToughTrial.app; sourceTree = BUILT_PRODUCTS_DIR; };
		5937E2365044428AFC0C7211 /* tough_trial */ = {isa = PBXFileReference; lastKnownFileType = folder; name = tough_trial; path = .; sourceTree = SOURCE_ROOT; };
		7B1EC2C1FAD5EB37F6421F24 /* Info.plist */ = {isa = PBXFileReference; lastKnownFileType = text.plist; path = Info.plist; sourceTree = "<group>"; };
		88C469D85051DB6E544030F2 /* V2AIProviderSettingsView.swift */ = {isa = PBXFileReference; lastKnownFileType = sourcecode.swift; path = V2AIProviderSettingsView.swift; sourceTree = "<group>"; };
		89126F3A1AF89FAE9F43D45C /* V2AppStore.swift */ = {isa = PBXFileReference; lastKnownFileType = sourcecode.swift; path = V2AppStore.swift; sourceTree = "<group>"; };
		89B8FD2451C30CF5BE3F1F7B /* FirstLaunchUITests.swift */ = {isa = PBXFileReference; lastKnownFileType = sourcecode.swift; path = FirstLaunchUITests.swift; sourceTree = "<group>"; };
		95F8A39501533A9884AFF851 /* V2RootView.swift */ = {isa = PBXFileReference; lastKnownFileType = sourcecode.swift; path = V2RootView.swift; sourceTree = "<group>"; };
		A69542D08D6797F0653E8B04 /* V2TasksView.swift */ = {isa = PBXFileReference; lastKnownFileType = sourcecode.swift; path = V2TasksView.swift; sourceTree = "<group>"; };
		AABA6A1FFF10B01D2E53A839 /* V2PlanAgentView.swift */ = {isa = PBXFileReference; lastKnownFileType = sourcecode.swift; path = V2PlanAgentView.swift; sourceTree = "<group>"; };
		ADF0A49BEAB6A85EBF31EF2D /* Info.plist */ = {isa = PBXFileReference; lastKnownFileType = text.plist; path = Info.plist; sourceTree = "<group>"; };
		B2144CC9616E0B0324CD17DC /* ToughTrialLiveActivityBundle.swift */ = {isa = PBXFileReference; lastKnownFileType = sourcecode.swift; path = ToughTrialLiveActivityBundle.swift; sourceTree = "<group>"; };
		B3372486EAE51C32394E6A3E /* ToughTrialUITests.swift */ = {isa = PBXFileReference; lastKnownFileType = sourcecode.swift; path = ToughTrialUITests.swift; sourceTree = "<group>"; };
		BB8FAFC251EB4C14EEDD432B /* ToughTrialLiveActivity.appex */ = {isa = PBXFileReference; includeInIndex = 0; lastKnownFileType = "wrapper.app-extension"; path = ToughTrialLiveActivity.appex; sourceTree = BUILT_PRODUCTS_DIR; };
		BD88E1F61150B984C4116B93 /* V2ZenView.swift */ = {isa = PBXFileReference; lastKnownFileType = sourcecode.swift; path = V2ZenView.swift; sourceTree = "<group>"; };
		CC098F64104F891A638C7642 /* V2Theme.swift */ = {isa = PBXFileReference; lastKnownFileType = sourcecode.swift; path = V2Theme.swift; sourceTree = "<group>"; };
		CD8A7E285B1F9AA0212D3E3B /* PrivacyInfo.xcprivacy */ = {isa = PBXFileReference; path = PrivacyInfo.xcprivacy; sourceTree = "<group>"; };
		F0C2865811BCA64D1C564DD3 /* ToughTrialUITests.xctest */ = {isa = PBXFileReference; includeInIndex = 0; lastKnownFileType = wrapper.cfbundle; path = ToughTrialUITests.xctest; sourceTree = BUILT_PRODUCTS_DIR; };
		F34993961036C6FC5F9841CF /* V2TaskTimeView.swift */ = {isa = PBXFileReference; lastKnownFileType = sourcecode.swift; path = V2TaskTimeView.swift; sourceTree = "<group>"; };
/* End PBXFileReference section */

/* Begin PBXFrameworksBuildPhase section */
		87260E34E7EDFD4C25D8073B /* Frameworks */ = {
			isa = PBXFrameworksBuildPhase;
			buildActionMask = 2147483647;
			files = (
				D9044005C87C18D19764F6C7 /* ToughTrialV2Core in Frameworks */,
				D5F5CFDAEC2ABC34BF7D2E07 /* ToughTrialActivityShared in Frameworks */,
			);
			runOnlyForDeploymentPostprocessing = 0;
		};
		EA0A144B1C8E1EE5A512FB3A /* Frameworks */ = {
			isa = PBXFrameworksBuildPhase;
			buildActionMask = 2147483647;
			files = (
				E043BB2E1E56083259AEDC3A /* ToughTrialActivityShared in Frameworks */,
			);
			runOnlyForDeploymentPostprocessing = 0;
		};
/* End PBXFrameworksBuildPhase section */

/* Begin PBXGroup section */
		20DF8AC35249889D7294671B /* ToughTrialV2App */ = {
			isa = PBXGroup;
			children = (
				1D2CB9D90C7487C743A03624 /* Assets.xcassets */,
				ADF0A49BEAB6A85EBF31EF2D /* Info.plist */,
				CD8A7E285B1F9AA0212D3E3B /* PrivacyInfo.xcprivacy */,
				232C6C7CC9BEE3D729AAA003 /* ToughTrialV2App.swift */,
				3CB9AF9642D83F94E0A4A986 /* V2AIProviderSettings.swift */,
				88C469D85051DB6E544030F2 /* V2AIProviderSettingsView.swift */,
				89126F3A1AF89FAE9F43D45C /* V2AppStore.swift */,
				0E6A85B953D563AC1A9C0C64 /* V2Components.swift */,
				048EE79F154041A62113CF6E /* V2NativeServices.swift */,
				AABA6A1FFF10B01D2E53A839 /* V2PlanAgentView.swift */,
				1ABB12FA7E2B4F6253F4AE7B /* V2RecallHandwritingView.swift */,
				0017D24F92D72A81C33D4620 /* V2RecallView.swift */,
				95F8A39501533A9884AFF851 /* V2RootView.swift */,
				A69542D08D6797F0653E8B04 /* V2TasksView.swift */,
				F34993961036C6FC5F9841CF /* V2TaskTimeView.swift */,
				CC098F64104F891A638C7642 /* V2Theme.swift */,
				15AA1100342D40ED57AFDEF9 /* V2TodayView.swift */,
				BD88E1F61150B984C4116B93 /* V2ZenView.swift */,
			);
			name = ToughTrialV2App;
			path = Sources/ToughTrialV2App;
			sourceTree = "<group>";
		};
		38AA00BB99D82C323FE90CFD = {
			isa = PBXGroup;
			children = (
				8445C820465135124FEC5076 /* Packages */,
				64F3995BBD4000C9C3160AB1 /* ToughTrialLiveActivity */,
				D1BE49AF865731596017D754 /* ToughTrialUITests */,
				20DF8AC35249889D7294671B /* ToughTrialV2App */,
				8BA4A3F11F79CFD900334593 /* Products */,
			);
			sourceTree = "<group>";
		};
		64F3995BBD4000C9C3160AB1 /* ToughTrialLiveActivity */ = {
			isa = PBXGroup;
			children = (
				7B1EC2C1FAD5EB37F6421F24 /* Info.plist */,
				B2144CC9616E0B0324CD17DC /* ToughTrialLiveActivityBundle.swift */,
			);
			name = ToughTrialLiveActivity;
			path = Sources/ToughTrialLiveActivity;
			sourceTree = "<group>";
		};
		8445C820465135124FEC5076 /* Packages */ = {
			isa = PBXGroup;
			children = (
				5937E2365044428AFC0C7211 /* tough_trial */,
			);
			name = Packages;
			sourceTree = "<group>";
		};
		8BA4A3F11F79CFD900334593 /* Products */ = {
			isa = PBXGroup;
			children = (
				400CA85D2F585BEF46001134 /* ToughTrial.app */,
				BB8FAFC251EB4C14EEDD432B /* ToughTrialLiveActivity.appex */,
				F0C2865811BCA64D1C564DD3 /* ToughTrialUITests.xctest */,
			);
			name = Products;
			sourceTree = "<group>";
		};
		D1BE49AF865731596017D754 /* ToughTrialUITests */ = {
			isa = PBXGroup;
			children = (
				89B8FD2451C30CF5BE3F1F7B /* FirstLaunchUITests.swift */,
				B3372486EAE51C32394E6A3E /* ToughTrialUITests.swift */,
			);
			name = ToughTrialUITests;
			path = Tests/ToughTrialUITests;
			sourceTree = "<group>";
		};
/* End PBXGroup section */

/* Begin PBXNativeTarget section */
		28241F5A3E85D205BF6E900E /* ToughTrial */ = {
			isa = PBXNativeTarget;
			buildConfigurationList = F5301AA26A9816D27D809B23 /* Build configuration list for PBXNativeTarget "ToughTrial" */;
			buildPhases = (
				B237F44387C1BA8D96B3519D /* Sources */,
				484BA53F8C682E169481E8D2 /* Resources */,
				87260E34E7EDFD4C25D8073B /* Frameworks */,
				D9B65A5AE43921F8B97BDE1B /* Embed Foundation Extensions */,
			);
			buildRules = (
			);
			dependencies = (
				F093A3C1B2593FCFDAF8316D /* PBXTargetDependency */,
			);
			name = ToughTrial;
			packageProductDependencies = (
				B5196C57F42DD6E4C3482069 /* ToughTrialV2Core */,
				988D14C26791AC990C54E487 /* ToughTrialActivityShared */,
			);
			productName = ToughTrial;
			productReference = 400CA85D2F585BEF46001134 /* ToughTrial.app */;
			productType = "com.apple.product-type.application";
		};
		9F02CB45C389049D86DF70F1 /* ToughTrialUITests */ = {
			isa = PBXNativeTarget;
			buildConfigurationList = 004E5B647BFC99F33439548A /* Build configuration list for PBXNativeTarget "ToughTrialUITests" */;
			buildPhases = (
				4E17E42D6601BF7F38B0D3D8 /* Sources */,
			);
			buildRules = (
			);
			dependencies = (
				E7B24DD3E519744AE6F7D9B4 /* PBXTargetDependency */,
			);
			name = ToughTrialUITests;
			packageProductDependencies = (
			);
			productName = ToughTrialUITests;
			productReference = F0C2865811BCA64D1C564DD3 /* ToughTrialUITests.xctest */;
			productType = "com.apple.product-type.bundle.ui-testing";
		};
		FB92F2C158ADF42A195BCB32 /* ToughTrialLiveActivity */ = {
			isa = PBXNativeTarget;
			buildConfigurationList = 08BCBA82EF5CC902A3B485FC /* Build configuration list for PBXNativeTarget "ToughTrialLiveActivity" */;
			buildPhases = (
				FD115525B9EFB53592DBF459 /* Sources */,
				EA0A144B1C8E1EE5A512FB3A /* Frameworks */,
			);
			buildRules = (
			);
			dependencies = (
			);
			name = ToughTrialLiveActivity;
			packageProductDependencies = (
				89780843DBE4DF72FEB6727D /* ToughTrialActivityShared */,
			);
			productName = ToughTrialLiveActivity;
			productReference = BB8FAFC251EB4C14EEDD432B /* ToughTrialLiveActivity.appex */;
			productType = "com.apple.product-type.app-extension";
		};
/* End PBXNativeTarget section */

/* Begin PBXProject section */
		AD9935788F92653B98D575F3 /* Project object */ = {
			isa = PBXProject;
			attributes = {
				BuildIndependentTargetsInParallel = YES;
				LastUpgradeCheck = 1430;
				TargetAttributes = {
					9F02CB45C389049D86DF70F1 = {
						TestTargetID = 28241F5A3E85D205BF6E900E;
					};
				};
			};
			buildConfigurationList = 1C6655B1B38FB409A6A21816 /* Build configuration list for PBXProject "ToughTrial" */;
			developmentRegion = en;
			hasScannedForEncodings = 0;
			knownRegions = (
				Base,
				en,
			);
			mainGroup = 38AA00BB99D82C323FE90CFD;
			minimizedProjectReferenceProxies = 1;
			packageReferences = (
				85908B7BCC7DE39B5909C532 /* XCLocalSwiftPackageReference "." */,
			);
			preferredProjectObjectVersion = 77;
			productRefGroup = 8BA4A3F11F79CFD900334593 /* Products */;
			projectDirPath = "";
			projectRoot = "";
			targets = (
				28241F5A3E85D205BF6E900E /* ToughTrial */,
				FB92F2C158ADF42A195BCB32 /* ToughTrialLiveActivity */,
				9F02CB45C389049D86DF70F1 /* ToughTrialUITests */,
			);
		};
/* End PBXProject section */

/* Begin PBXResourcesBuildPhase section */
		484BA53F8C682E169481E8D2 /* Resources */ = {
			isa = PBXResourcesBuildPhase;
			buildActionMask = 2147483647;
			files = (
				BE9A17036297FFEBCDFC74BB /* Assets.xcassets in Resources */,
				78F0CCDC7595B0A88FF2488C /* PrivacyInfo.xcprivacy in Resources */,
			);
			runOnlyForDeploymentPostprocessing = 0;
		};
/* End PBXResourcesBuildPhase section */

/* Begin PBXSourcesBuildPhase section */
		4E17E42D6601BF7F38B0D3D8 /* Sources */ = {
			isa = PBXSourcesBuildPhase;
			buildActionMask = 2147483647;
			files = (
				49D0F8AC73D24FB3D86FAF69 /* FirstLaunchUITests.swift in Sources */,
				FF16F0CF51AE59D0B795D212 /* ToughTrialUITests.swift in Sources */,
			);
			runOnlyForDeploymentPostprocessing = 0;
		};
		B237F44387C1BA8D96B3519D /* Sources */ = {
			isa = PBXSourcesBuildPhase;
			buildActionMask = 2147483647;
			files = (
				3B1C0341B571FCB4D961D720 /* ToughTrialV2App.swift in Sources */,
				198F981B5A5256A0871E6DFA /* V2AIProviderSettings.swift in Sources */,
				423B9B67B5E785576CF2B5E6 /* V2AIProviderSettingsView.swift in Sources */,
				A73A1FCC3E5FAACF61EB1731 /* V2AppStore.swift in Sources */,
				CE3874C2F91A95260D113F3D /* V2Components.swift in Sources */,
				E720CC255227F8ACBEC16770 /* V2NativeServices.swift in Sources */,
				27CB67F1C93967A6AA8F9DAE /* V2PlanAgentView.swift in Sources */,
				164D95835F31953D38B254C3 /* V2RecallHandwritingView.swift in Sources */,
				45C2E85D52E84C47102BA576 /* V2RecallView.swift in Sources */,
				653B167A9A5FD4BFECF96609 /* V2RootView.swift in Sources */,
				0F8AEA723A49AE691BF2462D /* V2TaskTimeView.swift in Sources */,
				AD0B4FDF8DE3ECD10F5D93DF /* V2TasksView.swift in Sources */,
				33EB924760B7EE7B76AB392B /* V2Theme.swift in Sources */,
				D202F730EB92A0E3591F77FC /* V2TodayView.swift in Sources */,
				15314799A436E36CED8BA418 /* V2ZenView.swift in Sources */,
			);
			runOnlyForDeploymentPostprocessing = 0;
		};
		FD115525B9EFB53592DBF459 /* Sources */ = {
			isa = PBXSourcesBuildPhase;
			buildActionMask = 2147483647;
			files = (
				17393D3F28C32C8A687FA8E0 /* ToughTrialLiveActivityBundle.swift in Sources */,
			);
			runOnlyForDeploymentPostprocessing = 0;
		};
/* End PBXSourcesBuildPhase section */

/* Begin PBXTargetDependency section */
		E7B24DD3E519744AE6F7D9B4 /* PBXTargetDependency */ = {
			isa = PBXTargetDependency;
			target = 28241F5A3E85D205BF6E900E /* ToughTrial */;
			targetProxy = 092FB444587FDD48F1151EBD /* PBXContainerItemProxy */;
		};
		F093A3C1B2593FCFDAF8316D /* PBXTargetDependency */ = {
			isa = PBXTargetDependency;
			target = FB92F2C158ADF42A195BCB32 /* ToughTrialLiveActivity */;
			targetProxy = 8CEC67268C3B8540DB946ADE /* PBXContainerItemProxy */;
		};
/* End PBXTargetDependency section */

/* Begin XCBuildConfiguration section */
		284FC12FD8A77359BE33463E /* Debug */ = {
			isa = XCBuildConfiguration;
			buildSettings = {
				ASSETCATALOG_COMPILER_APPICON_NAME = AppIcon;
				CODE_SIGN_IDENTITY = "iPhone Developer";
				INFOPLIST_FILE = Sources/ToughTrialV2App/Info.plist;
				LD_RUNPATH_SEARCH_PATHS = (
					"$(inherited)",
					"@executable_path/Frameworks",
				);
				PRODUCT_BUNDLE_IDENTIFIER = com.skyliu.toughtrial;
				SDKROOT = iphoneos;
				TARGETED_DEVICE_FAMILY = "1,2";
			};
			name = Debug;
		};
		6F71BE5D52C24D5C6F998FC1 /* Debug */ = {
			isa = XCBuildConfiguration;
			buildSettings = {
				ALWAYS_SEARCH_USER_PATHS = NO;
				CLANG_ANALYZER_NONNULL = YES;
				CLANG_ANALYZER_NUMBER_OBJECT_CONVERSION = YES_AGGRESSIVE;
				CLANG_CXX_LANGUAGE_STANDARD = "gnu++14";
				CLANG_CXX_LIBRARY = "libc++";
				CLANG_ENABLE_MODULES = YES;
				CLANG_ENABLE_OBJC_ARC = YES;
				CLANG_ENABLE_OBJC_WEAK = YES;
				CLANG_WARN_BLOCK_CAPTURE_AUTORELEASING = YES;
				CLANG_WARN_BOOL_CONVERSION = YES;
				CLANG_WARN_COMMA = YES;
				CLANG_WARN_CONSTANT_CONVERSION = YES;
				CLANG_WARN_DEPRECATED_OBJC_IMPLEMENTATIONS = YES;
				CLANG_WARN_DIRECT_OBJC_ISA_USAGE = YES_ERROR;
				CLANG_WARN_DOCUMENTATION_COMMENTS = YES;
				CLANG_WARN_EMPTY_BODY = YES;
				CLANG_WARN_ENUM_CONVERSION = YES;
				CLANG_WARN_INFINITE_RECURSION = YES;
				CLANG_WARN_INT_CONVERSION = YES;
				CLANG_WARN_NON_LITERAL_NULL_CONVERSION = YES;
				CLANG_WARN_OBJC_IMPLICIT_RETAIN_SELF = YES;
				CLANG_WARN_OBJC_LITERAL_CONVERSION = YES;
				CLANG_WARN_OBJC_ROOT_CLASS = YES_ERROR;
				CLANG_WARN_QUOTED_INCLUDE_IN_FRAMEWORK_HEADER = YES;
				CLANG_WARN_RANGE_LOOP_ANALYSIS = YES;
				CLANG_WARN_STRICT_PROTOTYPES = YES;
				CLANG_WARN_SUSPICIOUS_MOVE = YES;
				CLANG_WARN_UNGUARDED_AVAILABILITY = YES_AGGRESSIVE;
				CLANG_WARN_UNREACHABLE_CODE = YES;
				CLANG_WARN__DUPLICATE_METHOD_MATCH = YES;
				COPY_PHASE_STRIP = NO;
				CURRENT_PROJECT_VERSION = 1;
				DEBUG_INFORMATION_FORMAT = dwarf;
				ENABLE_STRICT_OBJC_MSGSEND = YES;
				ENABLE_TESTABILITY = YES;
				GCC_C_LANGUAGE_STANDARD = gnu11;
				GCC_DYNAMIC_NO_PIC = NO;
				GCC_NO_COMMON_BLOCKS = YES;
				GCC_OPTIMIZATION_LEVEL = 0;
				GCC_PREPROCESSOR_DEFINITIONS = (
					"$(inherited)",
					"DEBUG=1",
				);
				GCC_WARN_64_TO_32_BIT_CONVERSION = YES;
				GCC_WARN_ABOUT_RETURN_TYPE = YES_ERROR;
				GCC_WARN_UNDECLARED_SELECTOR = YES;
				GCC_WARN_UNINITIALIZED_AUTOS = YES_AGGRESSIVE;
				GCC_WARN_UNUSED_FUNCTION = YES;
				GCC_WARN_UNUSED_VARIABLE = YES;
				IPHONEOS_DEPLOYMENT_TARGET = 17.0;
				MARKETING_VERSION = 1.0;
				MTL_ENABLE_DEBUG_INFO = INCLUDE_SOURCE;
				MTL_FAST_MATH = YES;
				ONLY_ACTIVE_ARCH = YES;
				PRODUCT_NAME = "$(TARGET_NAME)";
				SDKROOT = iphoneos;
				SWIFT_ACTIVE_COMPILATION_CONDITIONS = DEBUG;
				SWIFT_OPTIMIZATION_LEVEL = "-Onone";
				SWIFT_VERSION = 6.0;
			};
			name = Debug;
		};
		7FD8FB062DC1F23733A52A56 /* Debug */ = {
			isa = XCBuildConfiguration;
			buildSettings = {
				BUNDLE_LOADER = "$(TEST_HOST)";
				GENERATE_INFOPLIST_FILE = YES;
				LD_RUNPATH_SEARCH_PATHS = (
					"$(inherited)",
					"@executable_path/Frameworks",
					"@loader_path/Frameworks",
				);
				PRODUCT_BUNDLE_IDENTIFIER = com.skyliu.toughtrial.UITests;
				SDKROOT = iphoneos;
				TARGETED_DEVICE_FAMILY = "1,2";
				TEST_TARGET_NAME = ToughTrial;
			};
			name = Debug;
		};
		80086A9327B170FC67156968 /* Release */ = {
			isa = XCBuildConfiguration;
			buildSettings = {
				APPLICATION_EXTENSION_API_ONLY = YES;
				INFOPLIST_FILE = Sources/ToughTrialLiveActivity/Info.plist;
				LD_RUNPATH_SEARCH_PATHS = (
					"$(inherited)",
					"@executable_path/Frameworks",
					"@executable_path/../../Frameworks",
				);
				PRODUCT_BUNDLE_IDENTIFIER = com.skyliu.toughtrial.LiveActivity;
				SDKROOT = iphoneos;
				SKIP_INSTALL = YES;
				TARGETED_DEVICE_FAMILY = "1,2";
			};
			name = Release;
		};
		AD214E09B6CAD1DDD8717D27 /* Debug */ = {
			isa = XCBuildConfiguration;
			buildSettings = {
				APPLICATION_EXTENSION_API_ONLY = YES;
				INFOPLIST_FILE = Sources/ToughTrialLiveActivity/Info.plist;
				LD_RUNPATH_SEARCH_PATHS = (
					"$(inherited)",
					"@executable_path/Frameworks",
					"@executable_path/../../Frameworks",
				);
				PRODUCT_BUNDLE_IDENTIFIER = com.skyliu.toughtrial.LiveActivity;
				SDKROOT = iphoneos;
				SKIP_INSTALL = YES;
				TARGETED_DEVICE_FAMILY = "1,2";
			};
			name = Debug;
		};
		C16F265491A945065F7F8891 /* Release */ = {
			isa = XCBuildConfiguration;
			buildSettings = {
				BUNDLE_LOADER = "$(TEST_HOST)";
				GENERATE_INFOPLIST_FILE = YES;
				LD_RUNPATH_SEARCH_PATHS = (
					"$(inherited)",
					"@executable_path/Frameworks",
					"@loader_path/Frameworks",
				);
				PRODUCT_BUNDLE_IDENTIFIER = com.skyliu.toughtrial.UITests;
				SDKROOT = iphoneos;
				TARGETED_DEVICE_FAMILY = "1,2";
				TEST_TARGET_NAME = ToughTrial;
			};
			name = Release;
		};
		E04F77D1530B9FCB6C951696 /* Release */ = {
			isa = XCBuildConfiguration;
			buildSettings = {
				ALWAYS_SEARCH_USER_PATHS = NO;
				CLANG_ANALYZER_NONNULL = YES;
				CLANG_ANALYZER_NUMBER_OBJECT_CONVERSION = YES_AGGRESSIVE;
				CLANG_CXX_LANGUAGE_STANDARD = "gnu++14";
				CLANG_CXX_LIBRARY = "libc++";
				CLANG_ENABLE_MODULES = YES;
				CLANG_ENABLE_OBJC_ARC = YES;
				CLANG_ENABLE_OBJC_WEAK = YES;
				CLANG_WARN_BLOCK_CAPTURE_AUTORELEASING = YES;
				CLANG_WARN_BOOL_CONVERSION = YES;
				CLANG_WARN_COMMA = YES;
				CLANG_WARN_CONSTANT_CONVERSION = YES;
				CLANG_WARN_DEPRECATED_OBJC_IMPLEMENTATIONS = YES;
				CLANG_WARN_DIRECT_OBJC_ISA_USAGE = YES_ERROR;
				CLANG_WARN_DOCUMENTATION_COMMENTS = YES;
				CLANG_WARN_EMPTY_BODY = YES;
				CLANG_WARN_ENUM_CONVERSION = YES;
				CLANG_WARN_INFINITE_RECURSION = YES;
				CLANG_WARN_INT_CONVERSION = YES;
				CLANG_WARN_NON_LITERAL_NULL_CONVERSION = YES;
				CLANG_WARN_OBJC_IMPLICIT_RETAIN_SELF = YES;
				CLANG_WARN_OBJC_LITERAL_CONVERSION = YES;
				CLANG_WARN_OBJC_ROOT_CLASS = YES_ERROR;
				CLANG_WARN_QUOTED_INCLUDE_IN_FRAMEWORK_HEADER = YES;
				CLANG_WARN_RANGE_LOOP_ANALYSIS = YES;
				CLANG_WARN_STRICT_PROTOTYPES = YES;
				CLANG_WARN_SUSPICIOUS_MOVE = YES;
				CLANG_WARN_UNGUARDED_AVAILABILITY = YES_AGGRESSIVE;
				CLANG_WARN_UNREACHABLE_CODE = YES;
				CLANG_WARN__DUPLICATE_METHOD_MATCH = YES;
				COPY_PHASE_STRIP = NO;
				CURRENT_PROJECT_VERSION = 1;
				DEBUG_INFORMATION_FORMAT = "dwarf-with-dsym";
				ENABLE_NS_ASSERTIONS = NO;
				ENABLE_STRICT_OBJC_MSGSEND = YES;
				GCC_C_LANGUAGE_STANDARD = gnu11;
				GCC_NO_COMMON_BLOCKS = YES;
				GCC_WARN_64_TO_32_BIT_CONVERSION = YES;
				GCC_WARN_ABOUT_RETURN_TYPE = YES_ERROR;
				GCC_WARN_UNDECLARED_SELECTOR = YES;
				GCC_WARN_UNINITIALIZED_AUTOS = YES_AGGRESSIVE;
				GCC_WARN_UNUSED_FUNCTION = YES;
				GCC_WARN_UNUSED_VARIABLE = YES;
				IPHONEOS_DEPLOYMENT_TARGET = 17.0;
				MARKETING_VERSION = 1.0;
				MTL_ENABLE_DEBUG_INFO = NO;
				MTL_FAST_MATH = YES;
				PRODUCT_NAME = "$(TARGET_NAME)";
				SDKROOT = iphoneos;
				SWIFT_COMPILATION_MODE = wholemodule;
				SWIFT_OPTIMIZATION_LEVEL = "-O";
				SWIFT_VERSION = 6.0;
			};
			name = Release;
		};
		F5B03BC660A05AA340497A59 /* Release */ = {
			isa = XCBuildConfiguration;
			buildSettings = {
				ASSETCATALOG_COMPILER_APPICON_NAME = AppIcon;
				CODE_SIGN_IDENTITY = "iPhone Developer";
				INFOPLIST_FILE = Sources/ToughTrialV2App/Info.plist;
				LD_RUNPATH_SEARCH_PATHS = (
					"$(inherited)",
					"@executable_path/Frameworks",
				);
				PRODUCT_BUNDLE_IDENTIFIER = com.skyliu.toughtrial;
				SDKROOT = iphoneos;
				TARGETED_DEVICE_FAMILY = "1,2";
			};
			name = Release;
		};
/* End XCBuildConfiguration section */

/* Begin XCConfigurationList section */
		004E5B647BFC99F33439548A /* Build configuration list for PBXNativeTarget "ToughTrialUITests" */ = {
			isa = XCConfigurationList;
			buildConfigurations = (
				7FD8FB062DC1F23733A52A56 /* Debug */,
				C16F265491A945065F7F8891 /* Release */,
			);
			defaultConfigurationIsVisible = 0;
			defaultConfigurationName = Debug;
		};
		08BCBA82EF5CC902A3B485FC /* Build configuration list for PBXNativeTarget "ToughTrialLiveActivity" */ = {
			isa = XCConfigurationList;
			buildConfigurations = (
				AD214E09B6CAD1DDD8717D27 /* Debug */,
				80086A9327B170FC67156968 /* Release */,
			);
			defaultConfigurationIsVisible = 0;
			defaultConfigurationName = Debug;
		};
		1C6655B1B38FB409A6A21816 /* Build configuration list for PBXProject "ToughTrial" */ = {
			isa = XCConfigurationList;
			buildConfigurations = (
				6F71BE5D52C24D5C6F998FC1 /* Debug */,
				E04F77D1530B9FCB6C951696 /* Release */,
			);
			defaultConfigurationIsVisible = 0;
			defaultConfigurationName = Debug;
		};
		F5301AA26A9816D27D809B23 /* Build configuration list for PBXNativeTarget "ToughTrial" */ = {
			isa = XCConfigurationList;
			buildConfigurations = (
				284FC12FD8A77359BE33463E /* Debug */,
				F5B03BC660A05AA340497A59 /* Release */,
			);
			defaultConfigurationIsVisible = 0;
			defaultConfigurationName = Debug;
		};
/* End XCConfigurationList section */

/* Begin XCLocalSwiftPackageReference section */
		85908B7BCC7DE39B5909C532 /* XCLocalSwiftPackageReference "." */ = {
			isa = XCLocalSwiftPackageReference;
			relativePath = .;
		};
/* End XCLocalSwiftPackageReference section */

/* Begin XCSwiftPackageProductDependency section */
		89780843DBE4DF72FEB6727D /* ToughTrialActivityShared */ = {
			isa = XCSwiftPackageProductDependency;
			productName = ToughTrialActivityShared;
		};
		988D14C26791AC990C54E487 /* ToughTrialActivityShared */ = {
			isa = XCSwiftPackageProductDependency;
			productName = ToughTrialActivityShared;
		};
		B5196C57F42DD6E4C3482069 /* ToughTrialV2Core */ = {
			isa = XCSwiftPackageProductDependency;
			productName = ToughTrialV2Core;
		};
/* End XCSwiftPackageProductDependency section */
	};
	rootObject = AD9935788F92653B98D575F3 /* Project object */;
}
